
Microsoft Visual Studio Solution File, Format Version 12.00
# Visual Studio Version 16
VisualStudioVersion = 16.0.28822.285
MinimumVisualStudioVersion = 10.0.40219.1
Project("{FAE04EC0-301F-11D3-BF4B-00C04F79EFBC}") = "AWillDiag", "AWillDiag\AWillDiag.csproj", "{9819CAD0-205B-4B03-87B2-7177BE3777C0}"
EndProject
Global
	GlobalSection(SolutionConfigurationPlatforms) = preSolution
		Debug|Any CPU = Debug|Any CPU
		Release|Any CPU = Release|Any CPU
	EndGlobalSection
	GlobalSection(ProjectConfigurationPlatforms) = postSolution
		{9819CAD0-205B-4B03-87B2-7177BE3777C0}.Debug|Any CPU.ActiveCfg = Debug|Any CPU
		{9819CAD0-205B-4B03-87B2-7177BE3777C0}.Debug|Any CPU.Build.0 = Debug|Any CPU
		{9819CAD0-205B-4B03-87B2-7177BE3777C0}.Release|Any CPU.ActiveCfg = Release|Any CPU
		{9819CAD0-205B-4B03-87B2-7177BE3777C0}.Release|Any CPU.Build.0 = Release|Any CPU
	EndGlobalSection
	GlobalSection(SolutionProperties) = preSolution
		HideSolutionNode = FALSE
	EndGlobalSection
	GlobalSection(ExtensibilityGlobals) = postSolution
		SolutionGuid = {54780B22-7E55-496C-8869-9B09B8ADDCEB}
	EndGlobalSection
EndGlobal
